<?xml version="1.0" encoding="utf-8"?>
<Project ToolsVersion="4.0" xmlns="http://schemas.microsoft.com/developer/msbuild/2003">
  <ItemGroup>
    <Filter Include="소스 파일">
      <UniqueIdentifier>{4FC737F1-C7A5-4376-A066-2A32D752A2FF}</UniqueIdentifier>
      <Extensions>cpp;c;cc;cxx;def;odl;idl;hpj;bat;asm;asmx</Extensions>
    </Filter>
    <Filter Include="헤더 파일">
      <UniqueIdentifier>{93995380-89BD-4b04-88EB-625FBE52EBFB}</UniqueIdentifier>
      <Extensions>h;hh;hpp;hxx;hm;inl;inc;ipp;xsd</Extensions>
    </Filter>
    <Filter Include="리소스 파일">
      <UniqueIdentifier>{67DA6AB6-F800-4c08-8B7A-83BB121AAD01}</UniqueIdentifier>
      <Extensions>rc;ico;cur;bmp;dlg;rc2;rct;bin;rgs;gif;jpg;jpeg;jpe;resx;tiff;tif;png;wav;mfcribbon-ms</Extensions>
    </Filter>
    <Filter Include="소스 파일\IngameObj">
      <UniqueIdentifier>{ba060946-8079-4f5d-9cb8-94486437b1a1}</UniqueIdentifier>
    </Filter>
    <Filter Include="소스 파일\IngameObj\ActionObj">
      <UniqueIdentifier>{41f5dee3-82a6-49eb-a6e6-572232983e65}</UniqueIdentifier>
    </Filter>
    <Filter Include="소스 파일\IngameObj\FoodObj">
      <UniqueIdentifier>{1be9953f-217c-4e87-a861-42cbb606d0fe}</UniqueIdentifier>
    </Filter>
    <Filter Include="소스 파일\Chef">
      <UniqueIdentifier>{6e92cde2-6e73-4cb1-9014-4cd38d626780}</UniqueIdentifier>
    </Filter>
    <Filter Include="소스 파일\Chef\ChefPatrs">
      <UniqueIdentifier>{195eec45-ac32-4d59-9ef1-fdf443dea7e8}</UniqueIdentifier>
    </Filter>
    <Filter Include="소스 파일\CharaterSelect">
      <UniqueIdentifier>{2aa5ee99-190a-4065-86ed-8906e6a55224}</UniqueIdentifier>
    </Filter>
    <Filter Include="Util">
      <UniqueIdentifier>{ecb5fcc0-9925-44ab-a9f4-044a6f8309fe}</UniqueIdentifier>
    </Filter>
    <Filter Include="Manager">
      <UniqueIdentifier>{800f371d-22c9-46cd-8f96-c0d4f1c4e075}</UniqueIdentifier>
    </Filter>
    <Filter Include="DB">
      <UniqueIdentifier>{c3cef63f-2004-4e53-9334-474bff2240bf}</UniqueIdentifier>
    </Filter>
    <Filter Include="Scene">
      <UniqueIdentifier>{0c7cb955-096b-426f-a2d6-f3ae5b80c5a4}</UniqueIdentifier>
    </Filter>
    <Filter Include="Scene\WORLDMAP">
      <UniqueIdentifier>{d86f7ebe-2e9d-4282-99af-94e8b18d4ef7}</UniqueIdentifier>
    </Filter>
    <Filter Include="Scene\WORLDMAP\UI">
      <UniqueIdentifier>{dfd73933-df75-4c87-bb69-6ea15a4486cd}</UniqueIdentifier>
    </Filter>
    <Filter Include="Scene\WORLDMAP\UI\WMUI">
      <UniqueIdentifier>{f46f0e43-6156-4959-a117-ef46242411fd}</UniqueIdentifier>
    </Filter>
    <Filter Include="Scene\WORLDMAP\INTERFACE">
      <UniqueIdentifier>{6b13d45a-13f6-43dc-abe5-06c5aa630aa4}</UniqueIdentifier>
    </Filter>
    <Filter Include="Scene\WORLDMAP\WMManager">
      <UniqueIdentifier>{38a28251-75ea-41b6-993b-332cb03bc4b6}</UniqueIdentifier>
    </Filter>
    <Filter Include="Scene\WORLDMAP\WMSTAGE">
      <UniqueIdentifier>{26afa8c6-89d4-4ad4-9dae-eb4bc0250579}</UniqueIdentifier>
    </Filter>
    <Filter Include="Scene\WORLDMAP\WMSTAGE\WMGRID">
      <UniqueIdentifier>{3f8da2ed-b75e-4049-b0f9-a1d5cfc64951}</UniqueIdentifier>
    </Filter>
    <Filter Include="Scene\WORLDMAP\WMSTAGE\WMObject">
      <UniqueIdentifier>{f3b24a08-1336-4033-9dcb-b40f2b332ef0}</UniqueIdentifier>
    </Filter>
    <Filter Include="Scene\WORLDMAP\WMSTAGE\WMObject\WMPath">
      <UniqueIdentifier>{cf32839a-ab68-46f1-9311-d4adc3a926af}</UniqueIdentifier>
    </Filter>
    <Filter Include="Scene\WORLDMAP\WMCAR">
      <UniqueIdentifier>{54641a62-34e3-4961-8a91-b4a1cdadeca5}</UniqueIdentifier>
    </Filter>
    <Filter Include="Scene\Stage">
      <UniqueIdentifier>{9eaa807a-dea1-4f1b-89ca-85148dde2fc0}</UniqueIdentifier>
    </Filter>
    <Filter Include="Scene\INTRO">
      <UniqueIdentifier>{c224b5cd-4d22-4d0a-a418-bc5427dffa9f}</UniqueIdentifier>
    </Filter>
    <Filter Include="MainGame">
      <UniqueIdentifier>{e660021d-9914-4938-8751-e1bf92aa513d}</UniqueIdentifier>
    </Filter>
  </ItemGroup>
  <ItemGroup>
    <ClInclude Include="stdafx.h">
      <Filter>헤더 파일</Filter>
    </ClInclude>
    <ClInclude Include="targetver.h">
      <Filter>헤더 파일</Filter>
    </ClInclude>
    <ClInclude Include="Resource.h">
      <Filter>헤더 파일</Filter>
    </ClInclude>
    <ClInclude Include="cFontManager.h">
      <Filter>Manager</Filter>
    </ClInclude>
    <ClInclude Include="cDeviceManager.h">
      <Filter>Manager</Filter>
    </ClInclude>
    <ClInclude Include="cKeyManager.h">
      <Filter>Manager</Filter>
    </ClInclude>
    <ClInclude Include="cTextureManager.h">
      <Filter>Manager</Filter>
    </ClInclude>
    <ClInclude Include="cGameNode.h">
      <Filter>소스 파일</Filter>
    </ClInclude>
    <ClInclude Include="cSceneManager.h">
      <Filter>Manager</Filter>
    </ClInclude>
    <ClInclude Include="cTimeManager.h">
      <Filter>Manager</Filter>
    </ClInclude>
    <ClInclude Include="cTimer.h">
      <Filter>Manager</Filter>
    </ClInclude>
    <ClInclude Include="D3Dx.h">
      <Filter>소스 파일</Filter>
    </ClInclude>
    <ClInclude Include="cTextManager.h">
      <Filter>Manager</Filter>
    </ClInclude>
    <ClInclude Include="cIGObj.h">
      <Filter>소스 파일\IngameObj</Filter>
    </ClInclude>
    <ClInclude Include="cKnife.h">
      <Filter>소스 파일\IngameObj\ActionObj</Filter>
    </ClInclude>
    <ClInclude Include="cActionObj.h">
      <Filter>소스 파일\IngameObj</Filter>
    </ClInclude>
    <ClInclude Include="cFoodObj.h">
      <Filter>소스 파일\IngameObj</Filter>
    </ClInclude>
    <ClInclude Include="cTomato.h">
      <Filter>소스 파일\IngameObj\FoodObj</Filter>
    </ClInclude>
    <ClInclude Include="cStage.h">
      <Filter>Scene\Stage</Filter>
    </ClInclude>
    <ClInclude Include="cCharacterControl.h">
      <Filter>소스 파일\Chef</Filter>
    </ClInclude>
    <ClInclude Include="cChefBody.h">
      <Filter>소스 파일\Chef\ChefPatrs</Filter>
    </ClInclude>
    <ClInclude Include="cChefHead.h">
      <Filter>소스 파일\Chef\ChefPatrs</Filter>
    </ClInclude>
    <ClInclude Include="cChefLeftHand.h">
      <Filter>소스 파일\Chef\ChefPatrs</Filter>
    </ClInclude>
    <ClInclude Include="cChefRightHand.h">
      <Filter>소스 파일\Chef\ChefPatrs</Filter>
    </ClInclude>
    <ClInclude Include="cChefRoot.h">
      <Filter>소스 파일\Chef</Filter>
    </ClInclude>
    <ClInclude Include="cStageGrid.h">
      <Filter>Scene\Stage</Filter>
    </ClInclude>
    <ClInclude Include="cStageMapTool.h">
      <Filter>Scene\Stage</Filter>
    </ClInclude>
    <ClInclude Include="cStageMapToolUI.h">
      <Filter>Scene\Stage</Filter>
    </ClInclude>
    <ClInclude Include="cPot.h">
      <Filter>소스 파일\IngameObj\ActionObj</Filter>
    </ClInclude>
    <ClInclude Include="cSink.h">
      <Filter>소스 파일\IngameObj\ActionObj</Filter>
    </ClInclude>
    <ClInclude Include="cObjManager.h">
      <Filter>Manager</Filter>
    </ClInclude>
    <ClInclude Include="cCrate.h">
      <Filter>소스 파일\IngameObj\ActionObj</Filter>
    </ClInclude>
    <ClInclude Include="cCrateLid.h">
      <Filter>소스 파일\IngameObj\ActionObj</Filter>
    </ClInclude>
    <ClInclude Include="cStageObjManager.h">
      <Filter>소스 파일\IngameObj</Filter>
    </ClInclude>
    <ClInclude Include="cStageScene.h">
      <Filter>Scene\Stage</Filter>
    </ClInclude>
    <ClInclude Include="cChef.h">
      <Filter>소스 파일\Chef</Filter>
    </ClInclude>
    <ClInclude Include="cChefAnimation.h">
      <Filter>소스 파일\Chef</Filter>
    </ClInclude>
    <ClInclude Include="cChefKnife.h">
      <Filter>소스 파일\Chef</Filter>
    </ClInclude>
    <ClInclude Include="cCooker.h">
      <Filter>소스 파일\IngameObj\ActionObj</Filter>
    </ClInclude>
    <ClInclude Include="cOnion.h">
      <Filter>소스 파일\IngameObj\FoodObj</Filter>
    </ClInclude>
    <ClInclude Include="cBin.h">
      <Filter>소스 파일\IngameObj\ActionObj</Filter>
    </ClInclude>
    <ClInclude Include="cPlateReturnBox.h">
      <Filter>소스 파일\IngameObj\ActionObj</Filter>
    </ClInclude>
    <ClInclude Include="cPlate.h">
      <Filter>소스 파일\IngameObj\ActionObj</Filter>
    </ClInclude>
    <ClInclude Include="cChoppingBoard.h">
      <Filter>소스 파일\IngameObj\ActionObj</Filter>
    </ClInclude>
    <ClInclude Include="cPass.h">
      <Filter>소스 파일\IngameObj\ActionObj</Filter>
    </ClInclude>
    <ClInclude Include="cCounterTop.h">
      <Filter>소스 파일\IngameObj</Filter>
    </ClInclude>
    <ClInclude Include="cPassScroll.h">
      <Filter>소스 파일\IngameObj\ActionObj</Filter>
    </ClInclude>
    <ClInclude Include="cChefRunPuff.h">
      <Filter>소스 파일\Chef</Filter>
    </ClInclude>
    <ClInclude Include="cWorldMapScene.h">
      <Filter>Scene\WORLDMAP</Filter>
    </ClInclude>
    <ClInclude Include="cIntroScene.h">
      <Filter>Scene\INTRO</Filter>
    </ClInclude>
    <ClInclude Include="cIntroLogo.h">
      <Filter>Scene\INTRO</Filter>
    </ClInclude>
    <ClInclude Include="cIntroUI.h">
      <Filter>Scene\INTRO</Filter>
    </ClInclude>
    <ClInclude Include="Assets.h">
      <Filter>Scene\WORLDMAP\WMManager</Filter>
    </ClInclude>
    <ClInclude Include="image.h">
      <Filter>Scene\WORLDMAP\WMManager</Filter>
    </ClInclude>
    <ClInclude Include="imageManager.h">
      <Filter>Scene\WORLDMAP\WMManager</Filter>
    </ClInclude>
    <ClInclude Include="textureManager.h">
      <Filter>Scene\WORLDMAP\WMManager</Filter>
    </ClInclude>
    <ClInclude Include="UIButton.h">
      <Filter>Scene\WORLDMAP\UI</Filter>
    </ClInclude>
    <ClInclude Include="UIImage.h">
      <Filter>Scene\WORLDMAP\UI</Filter>
    </ClInclude>
    <ClInclude Include="UIText.h">
      <Filter>Scene\WORLDMAP\UI</Filter>
    </ClInclude>
    <ClInclude Include="iUIObject.h">
      <Filter>Scene\WORLDMAP\UI</Filter>
    </ClInclude>
    <ClInclude Include="IMoveObject.h">
      <Filter>Scene\WORLDMAP\INTERFACE</Filter>
    </ClInclude>
    <ClInclude Include="IDisplayObject.h">
      <Filter>Scene\WORLDMAP\INTERFACE</Filter>
    </ClInclude>
    <ClInclude Include="cWorldMapObj.h">
      <Filter>Scene\WORLDMAP\INTERFACE</Filter>
    </ClInclude>
    <ClInclude Include="cWMDefinition.h">
      <Filter>Scene\WORLDMAP\WMManager</Filter>
    </ClInclude>
    <ClInclude Include="cCollision.h">
      <Filter>Scene\Stage</Filter>
    </ClInclude>
    <ClInclude Include="database.h">
      <Filter>DB</Filter>
    </ClInclude>
    <ClInclude Include="cWMCarBody.h">
      <Filter>Scene\WORLDMAP\WMCAR</Filter>
    </ClInclude>
    <ClInclude Include="cWMCarPuff.h">
      <Filter>Scene\WORLDMAP\WMCAR</Filter>
    </ClInclude>
    <ClInclude Include="cWorldMapCar.h">
      <Filter>Scene\WORLDMAP\WMCAR</Filter>
    </ClInclude>
    <ClInclude Include="cWorldGrid.h">
      <Filter>Scene\WORLDMAP\WMSTAGE\WMGRID</Filter>
    </ClInclude>
    <ClInclude Include="cWMObbBox.h">
      <Filter>Scene\WORLDMAP\WMSTAGE\WMGRID</Filter>
    </ClInclude>
    <ClInclude Include="cWMBorder.h">
      <Filter>Scene\WORLDMAP\WMSTAGE\WMGRID</Filter>
    </ClInclude>
    <ClInclude Include="cPath.h">
      <Filter>Scene\WORLDMAP\WMSTAGE\WMObject\WMPath</Filter>
    </ClInclude>
    <ClInclude Include="cPathMaker.h">
      <Filter>Scene\WORLDMAP\WMSTAGE\WMObject\WMPath</Filter>
    </ClInclude>
    <ClInclude Include="cSphere.h">
      <Filter>Scene\WORLDMAP\WMSTAGE\WMObject</Filter>
    </ClInclude>
    <ClInclude Include="cWMCloud.h">
      <Filter>Scene\WORLDMAP\WMSTAGE\WMObject</Filter>
    </ClInclude>
    <ClInclude Include="cWMStageNum.h">
      <Filter>Scene\WORLDMAP\WMSTAGE\WMObject</Filter>
    </ClInclude>
    <ClInclude Include="cWMStarBoard.h">
      <Filter>Scene\WORLDMAP\WMSTAGE\WMObject</Filter>
    </ClInclude>
    <ClInclude Include="cWorldTile.h">
      <Filter>Scene\WORLDMAP\WMSTAGE\WMObject</Filter>
    </ClInclude>
    <ClInclude Include="cWMapMenu.h">
      <Filter>Scene\WORLDMAP\UI\WMUI</Filter>
    </ClInclude>
    <ClInclude Include="UIController.h">
      <Filter>Scene\WORLDMAP\UI</Filter>
    </ClInclude>
    <ClInclude Include="cWorldStage.h">
      <Filter>Scene\WORLDMAP\WMSTAGE</Filter>
    </ClInclude>
    <ClInclude Include="cBackground.h">
      <Filter>Scene\Stage</Filter>
    </ClInclude>
    <ClInclude Include="cStageUI.h">
      <Filter>Scene\Stage</Filter>
    </ClInclude>
    <ClInclude Include="cCharaterChangeScene.h">
      <Filter>소스 파일\CharaterSelect</Filter>
    </ClInclude>
    <ClInclude Include="cSelectUI.h">
      <Filter>소스 파일\CharaterSelect</Filter>
    </ClInclude>
    <ClInclude Include="cChefHat.h">
      <Filter>소스 파일\Chef\ChefPatrs</Filter>
    </ClInclude>
    <ClInclude Include="cSoundManager.h">
      <Filter>Manager</Filter>
    </ClInclude>
    <ClInclude Include="cCamera.h">
      <Filter>Util</Filter>
    </ClInclude>
    <ClInclude Include="cProgressbar.h">
      <Filter>Util</Filter>
    </ClInclude>
    <ClInclude Include="cRay.h">
      <Filter>Util</Filter>
    </ClInclude>
    <ClInclude Include="cTestScene0.h">
      <Filter>Scene</Filter>
    </ClInclude>
    <ClInclude Include="cTestScene1.h">
      <Filter>Scene</Filter>
    </ClInclude>
    <ClInclude Include="cTestScene2.h">
      <Filter>Scene</Filter>
    </ClInclude>
    <ClInclude Include="cTestScene3.h">
      <Filter>Scene</Filter>
    </ClInclude>
    <ClInclude Include="cObjLoader.h">
      <Filter>Util</Filter>
    </ClInclude>
    <ClInclude Include="cMainGame.h">
      <Filter>MainGame</Filter>
    </ClInclude>
    <ClInclude Include="singletonBase.h">
      <Filter>Util</Filter>
    </ClInclude>
    <ClInclude Include="cParticle.h">
      <Filter>Util</Filter>
    </ClInclude>
    <ClInclude Include="CommonMacroFunction.h">
      <Filter>Util</Filter>
    </ClInclude>
    <ClInclude Include="cParticleManager.h">
      <Filter>Manager</Filter>
    </ClInclude>
    <ClInclude Include="cEffectObject.h">
      <Filter>Manager</Filter>
    </ClInclude>
    <ClInclude Include="cRecipe.h">
      <Filter>소스 파일\IngameObj\FoodObj</Filter>
    </ClInclude>
    <ClInclude Include="cOrder.h">
      <Filter>소스 파일\IngameObj</Filter>
    </ClInclude>
    <ClInclude Include="cOrderImage.h">
      <Filter>소스 파일\IngameObj</Filter>
    </ClInclude>
  </ItemGroup>
  <ItemGroup>
    <ClCompile Include="D3Dx.cpp">
      <Filter>소스 파일</Filter>
    </ClCompile>
    <ClCompile Include="cDeviceManager.cpp">
      <Filter>Manager</Filter>
    </ClCompile>
    <ClCompile Include="cFontManager.cpp">
      <Filter>Manager</Filter>
    </ClCompile>
    <ClCompile Include="cKeyManager.cpp">
      <Filter>Manager</Filter>
    </ClCompile>
    <ClCompile Include="cTextureManager.cpp">
      <Filter>Manager</Filter>
    </ClCompile>
    <ClCompile Include="cGameNode.cpp">
      <Filter>소스 파일</Filter>
    </ClCompile>
    <ClCompile Include="cSceneManager.cpp">
      <Filter>Manager</Filter>
    </ClCompile>
    <ClCompile Include="cTimeManager.cpp">
      <Filter>Manager</Filter>
    </ClCompile>
    <ClCompile Include="cTimer.cpp">
      <Filter>Manager</Filter>
    </ClCompile>
    <ClCompile Include="cTextManager.cpp">
      <Filter>Manager</Filter>
    </ClCompile>
    <ClCompile Include="cIGObj.cpp">
      <Filter>소스 파일\IngameObj</Filter>
    </ClCompile>
    <ClCompile Include="cKnife.cpp">
      <Filter>소스 파일\IngameObj\ActionObj</Filter>
    </ClCompile>
    <ClCompile Include="cActionObj.cpp">
      <Filter>소스 파일\IngameObj</Filter>
    </ClCompile>
    <ClCompile Include="cFoodObj.cpp">
      <Filter>소스 파일\IngameObj</Filter>
    </ClCompile>
    <ClCompile Include="cTomato.cpp">
      <Filter>소스 파일\IngameObj\FoodObj</Filter>
    </ClCompile>
    <ClCompile Include="cStage.cpp">
      <Filter>Scene\Stage</Filter>
    </ClCompile>
    <ClCompile Include="cCharacterControl.cpp">
      <Filter>소스 파일\Chef</Filter>
    </ClCompile>
    <ClCompile Include="cChefBody.cpp">
      <Filter>소스 파일\Chef\ChefPatrs</Filter>
    </ClCompile>
    <ClCompile Include="cChefHead.cpp">
      <Filter>소스 파일\Chef\ChefPatrs</Filter>
    </ClCompile>
    <ClCompile Include="cChefLeftHand.cpp">
      <Filter>소스 파일\Chef\ChefPatrs</Filter>
    </ClCompile>
    <ClCompile Include="cChefRightHand.cpp">
      <Filter>소스 파일\Chef\ChefPatrs</Filter>
    </ClCompile>
    <ClCompile Include="cChefRoot.cpp">
      <Filter>소스 파일\Chef</Filter>
    </ClCompile>
    <ClCompile Include="cStageGrid.cpp">
      <Filter>Scene\Stage</Filter>
    </ClCompile>
    <ClCompile Include="cStageMapTool.cpp">
      <Filter>Scene\Stage</Filter>
    </ClCompile>
    <ClCompile Include="cStageMapToolUI.cpp">
      <Filter>Scene\Stage</Filter>
    </ClCompile>
    <ClCompile Include="cPot.cpp">
      <Filter>소스 파일\IngameObj\ActionObj</Filter>
    </ClCompile>
    <ClCompile Include="cSink.cpp">
      <Filter>소스 파일\IngameObj\ActionObj</Filter>
    </ClCompile>
    <ClCompile Include="cObjManager.cpp">
      <Filter>Manager</Filter>
    </ClCompile>
    <ClCompile Include="cCrate.cpp">
      <Filter>소스 파일\IngameObj\ActionObj</Filter>
    </ClCompile>
    <ClCompile Include="cCrateLid.cpp">
      <Filter>소스 파일\IngameObj\ActionObj</Filter>
    </ClCompile>
    <ClCompile Include="cStageObjManager.cpp">
      <Filter>소스 파일\IngameObj</Filter>
    </ClCompile>
    <ClCompile Include="cStageScene.cpp">
      <Filter>Scene\Stage</Filter>
    </ClCompile>
    <ClCompile Include="cChef.cpp">
      <Filter>소스 파일\Chef</Filter>
    </ClCompile>
    <ClCompile Include="cChefAnimation.cpp">
      <Filter>소스 파일\Chef</Filter>
    </ClCompile>
    <ClCompile Include="cChefKnife.cpp">
      <Filter>소스 파일\Chef</Filter>
    </ClCompile>
    <ClCompile Include="cCooker.cpp">
      <Filter>소스 파일\IngameObj\ActionObj</Filter>
    </ClCompile>
    <ClCompile Include="cOnion.cpp">
      <Filter>소스 파일\IngameObj\FoodObj</Filter>
    </ClCompile>
    <ClCompile Include="cBin.cpp">
      <Filter>소스 파일\IngameObj\ActionObj</Filter>
    </ClCompile>
    <ClCompile Include="cPlateReturnBox.cpp">
      <Filter>소스 파일\IngameObj\ActionObj</Filter>
    </ClCompile>
    <ClCompile Include="cPlate.cpp">
      <Filter>소스 파일\IngameObj\ActionObj</Filter>
    </ClCompile>
    <ClCompile Include="cChoppingBoard.cpp">
      <Filter>소스 파일\IngameObj\ActionObj</Filter>
    </ClCompile>
    <ClCompile Include="cPass.cpp">
      <Filter>소스 파일\IngameObj\ActionObj</Filter>
    </ClCompile>
    <ClCompile Include="cCounterTop.cpp">
      <Filter>소스 파일\IngameObj</Filter>
    </ClCompile>
    <ClCompile Include="cPassScroll.cpp">
      <Filter>소스 파일\IngameObj\ActionObj</Filter>
    </ClCompile>
    <ClCompile Include="cChefRunPuff.cpp">
      <Filter>소스 파일\Chef</Filter>
    </ClCompile>
    <ClCompile Include="cWorldMapScene.cpp">
      <Filter>Scene\WORLDMAP</Filter>
    </ClCompile>
    <ClCompile Include="cIntroScene.cpp">
      <Filter>Scene\INTRO</Filter>
    </ClCompile>
    <ClCompile Include="cIntroLogo.cpp">
      <Filter>Scene\INTRO</Filter>
    </ClCompile>
    <ClCompile Include="cIntroUI.cpp">
      <Filter>Scene\INTRO</Filter>
    </ClCompile>
    <ClCompile Include="Assets.cpp">
      <Filter>Scene\WORLDMAP\WMManager</Filter>
    </ClCompile>
    <ClCompile Include="image.cpp">
      <Filter>Scene\WORLDMAP\WMManager</Filter>
    </ClCompile>
    <ClCompile Include="imageManager.cpp">
      <Filter>Scene\WORLDMAP\WMManager</Filter>
    </ClCompile>
    <ClCompile Include="textureManager.cpp">
      <Filter>Scene\WORLDMAP\WMManager</Filter>
    </ClCompile>
    <ClCompile Include="iUIObject.cpp">
      <Filter>Scene\WORLDMAP\UI</Filter>
    </ClCompile>
    <ClCompile Include="UIButton.cpp">
      <Filter>Scene\WORLDMAP\UI</Filter>
    </ClCompile>
    <ClCompile Include="UIImage.cpp">
      <Filter>Scene\WORLDMAP\UI</Filter>
    </ClCompile>
    <ClCompile Include="UIText.cpp">
      <Filter>Scene\WORLDMAP\UI</Filter>
    </ClCompile>
    <ClCompile Include="cWorldMapObj.cpp">
      <Filter>Scene\WORLDMAP\INTERFACE</Filter>
    </ClCompile>
    <ClCompile Include="IDisplayObject.cpp">
      <Filter>Scene\WORLDMAP\INTERFACE</Filter>
    </ClCompile>
    <ClCompile Include="IMoveObject.cpp">
      <Filter>Scene\WORLDMAP\INTERFACE</Filter>
    </ClCompile>
    <ClCompile Include="cWMDefinition.cpp">
      <Filter>Scene\WORLDMAP\WMManager</Filter>
    </ClCompile>
    <ClCompile Include="stdafx.cpp">
      <Filter>소스 파일</Filter>
    </ClCompile>
    <ClCompile Include="cCollision.cpp">
      <Filter>Scene\Stage</Filter>
    </ClCompile>
    <ClCompile Include="database.cpp">
      <Filter>DB</Filter>
    </ClCompile>
    <ClCompile Include="cWMCarBody.cpp">
      <Filter>Scene\WORLDMAP\WMCAR</Filter>
    </ClCompile>
    <ClCompile Include="cWMCarPuff.cpp">
      <Filter>Scene\WORLDMAP\WMCAR</Filter>
    </ClCompile>
    <ClCompile Include="cWorldMapCar.cpp">
      <Filter>Scene\WORLDMAP\WMCAR</Filter>
    </ClCompile>
    <ClCompile Include="cWorldStage.cpp">
      <Filter>Scene\WORLDMAP\WMSTAGE</Filter>
    </ClCompile>
    <ClCompile Include="cWorldGrid.cpp">
      <Filter>Scene\WORLDMAP\WMSTAGE\WMGRID</Filter>
    </ClCompile>
    <ClCompile Include="cWMObbBox.cpp">
      <Filter>Scene\WORLDMAP\WMSTAGE\WMGRID</Filter>
    </ClCompile>
    <ClCompile Include="cWMBorder.cpp">
      <Filter>Scene\WORLDMAP\WMSTAGE\WMGRID</Filter>
    </ClCompile>
    <ClCompile Include="cPath.cpp">
      <Filter>Scene\WORLDMAP\WMSTAGE\WMObject\WMPath</Filter>
    </ClCompile>
    <ClCompile Include="cPathMaker.cpp">
      <Filter>Scene\WORLDMAP\WMSTAGE\WMObject\WMPath</Filter>
    </ClCompile>
    <ClCompile Include="cSphere.cpp">
      <Filter>Scene\WORLDMAP\WMSTAGE\WMObject</Filter>
    </ClCompile>
    <ClCompile Include="cWMStageNum.cpp">
      <Filter>Scene\WORLDMAP\WMSTAGE\WMObject</Filter>
    </ClCompile>
    <ClCompile Include="cWMCloud.cpp">
      <Filter>Scene\WORLDMAP\WMSTAGE\WMObject</Filter>
    </ClCompile>
    <ClCompile Include="cWMStarBoard.cpp">
      <Filter>Scene\WORLDMAP\WMSTAGE\WMObject</Filter>
    </ClCompile>
    <ClCompile Include="cWorldTile.cpp">
      <Filter>Scene\WORLDMAP\WMSTAGE\WMObject</Filter>
    </ClCompile>
    <ClCompile Include="cWMapMenu.cpp">
      <Filter>Scene\WORLDMAP\UI\WMUI</Filter>
    </ClCompile>
    <ClCompile Include="UIController.cpp">
      <Filter>Scene\WORLDMAP\UI</Filter>
    </ClCompile>
    <ClCompile Include="cBackground.cpp">
      <Filter>Scene\Stage</Filter>
    </ClCompile>
    <ClCompile Include="cStageUI.cpp">
      <Filter>Scene\Stage</Filter>
    </ClCompile>
    <ClCompile Include="cCharaterChangeScene.cpp">
      <Filter>소스 파일\CharaterSelect</Filter>
    </ClCompile>
    <ClCompile Include="cSelectUI.cpp">
      <Filter>소스 파일\CharaterSelect</Filter>
    </ClCompile>
    <ClCompile Include="cChefHat.cpp">
      <Filter>소스 파일\Chef\ChefPatrs</Filter>
    </ClCompile>
    <ClCompile Include="cSoundManager.cpp">
      <Filter>Manager</Filter>
    </ClCompile>
    <ClCompile Include="cCamera.cpp">
      <Filter>Util</Filter>
    </ClCompile>
    <ClCompile Include="cProgressbar.cpp">
      <Filter>Util</Filter>
    </ClCompile>
    <ClCompile Include="cRay.cpp">
      <Filter>Util</Filter>
    </ClCompile>
    <ClCompile Include="cTestScene0.cpp">
      <Filter>Scene</Filter>
    </ClCompile>
    <ClCompile Include="cTestScene1.cpp">
      <Filter>Scene</Filter>
    </ClCompile>
    <ClCompile Include="cTestScene2.cpp">
      <Filter>Scene</Filter>
    </ClCompile>
    <ClCompile Include="cTestScene3.cpp">
      <Filter>Scene</Filter>
    </ClCompile>
    <ClCompile Include="cObjLoader.cpp">
      <Filter>Util</Filter>
    </ClCompile>
    <ClCompile Include="cMainGame.cpp">
      <Filter>MainGame</Filter>
    </ClCompile>
    <ClCompile Include="cParticle.cpp">
      <Filter>Util</Filter>
    </ClCompile>
    <ClCompile Include="cParticleManager.cpp">
      <Filter>Manager</Filter>
    </ClCompile>
    <ClCompile Include="cEffectObject.cpp">
      <Filter>Manager</Filter>
    </ClCompile>
    <ClCompile Include="cRecipe.cpp">
      <Filter>소스 파일\IngameObj\FoodObj</Filter>
    </ClCompile>
    <ClCompile Include="cOrderImage.cpp">
      <Filter>소스 파일\IngameObj</Filter>
    </ClCompile>
    <ClCompile Include="cOrder.cpp">
      <Filter>소스 파일\IngameObj</Filter>
    </ClCompile>
  </ItemGroup>
  <ItemGroup>
    <ResourceCompile Include="D3Dx.rc">
      <Filter>리소스 파일</Filter>
    </ResourceCompile>
  </ItemGroup>
  <ItemGroup>
    <Image Include="small.ico">
      <Filter>리소스 파일</Filter>
    </Image>
    <Image Include="D3Dx.ico">
      <Filter>리소스 파일</Filter>
    </Image>
  </ItemGroup>
</Project>