<?xml version="1.0" encoding="utf-8"?>
<Project ToolsVersion="4.0" xmlns="http://schemas.microsoft.com/developer/msbuild/2003">
  <ItemGroup>
    <Filter Include="소스 파일">
      <UniqueIdentifier>{4FC737F1-C7A5-4376-A066-2A32D752A2FF}</UniqueIdentifier>
      <Extensions>cpp;c;cc;cxx;def;odl;idl;hpj;bat;asm;asmx</Extensions>
    </Filter>
    <Filter Include="헤더 파일">
      <UniqueIdentifier>{93995380-89BD-4b04-88EB-625FBE52EBFB}</UniqueIdentifier>
      <Extensions>h;hh;hpp;hxx;hm;inl;inc;ipp;xsd</Extensions>
    </Filter>
    <Filter Include="리소스 파일">
      <UniqueIdentifier>{67DA6AB6-F800-4c08-8B7A-83BB121AAD01}</UniqueIdentifier>
      <Extensions>rc;ico;cur;bmp;dlg;rc2;rct;bin;rgs;gif;jpg;jpeg;jpe;resx;tiff;tif;png;wav;mfcribbon-ms</Extensions>
    </Filter>
    <Filter Include="소스 파일\Manager">
      <UniqueIdentifier>{800f371d-22c9-46cd-8f96-c0d4f1c4e075}</UniqueIdentifier>
    </Filter>
    <Filter Include="소스 파일\ObjLoader">
      <UniqueIdentifier>{16bad9ea-5eb5-4bb3-bab8-a5bf4e8bb108}</UniqueIdentifier>
    </Filter>
    <Filter Include="소스 파일\IngameObj">
      <UniqueIdentifier>{ba060946-8079-4f5d-9cb8-94486437b1a1}</UniqueIdentifier>
    </Filter>
    <Filter Include="소스 파일\IngameObj\ActionObj">
      <UniqueIdentifier>{41f5dee3-82a6-49eb-a6e6-572232983e65}</UniqueIdentifier>
    </Filter>
    <Filter Include="소스 파일\IngameObj\FoodObj">
      <UniqueIdentifier>{1be9953f-217c-4e87-a861-42cbb606d0fe}</UniqueIdentifier>
    </Filter>
    <Filter Include="소스 파일\Chef">
      <UniqueIdentifier>{6e92cde2-6e73-4cb1-9014-4cd38d626780}</UniqueIdentifier>
    </Filter>
    <Filter Include="소스 파일\Chef\ChefPatrs">
      <UniqueIdentifier>{195eec45-ac32-4d59-9ef1-fdf443dea7e8}</UniqueIdentifier>
    </Filter>
    <Filter Include="소스 파일\Stage">
      <UniqueIdentifier>{9eaa807a-dea1-4f1b-89ca-85148dde2fc0}</UniqueIdentifier>
    </Filter>
  </ItemGroup>
  <ItemGroup>
    <ClInclude Include="stdafx.h">
      <Filter>헤더 파일</Filter>
    </ClInclude>
    <ClInclude Include="targetver.h">
      <Filter>헤더 파일</Filter>
    </ClInclude>
    <ClInclude Include="Resource.h">
      <Filter>헤더 파일</Filter>
    </ClInclude>
    <ClInclude Include="cFontManager.h">
      <Filter>소스 파일\Manager</Filter>
    </ClInclude>
    <ClInclude Include="cDeviceManager.h">
      <Filter>소스 파일\Manager</Filter>
    </ClInclude>
    <ClInclude Include="cKeyManager.h">
      <Filter>소스 파일\Manager</Filter>
    </ClInclude>
    <ClInclude Include="cTextureManager.h">
      <Filter>소스 파일\Manager</Filter>
    </ClInclude>
    <ClInclude Include="singletonBase.h">
      <Filter>헤더 파일</Filter>
    </ClInclude>
    <ClInclude Include="cCamera.h">
      <Filter>소스 파일</Filter>
    </ClInclude>
    <ClInclude Include="cGameNode.h">
      <Filter>소스 파일</Filter>
    </ClInclude>
    <ClInclude Include="cSceneManager.h">
      <Filter>소스 파일\Manager</Filter>
    </ClInclude>
    <ClInclude Include="cTimeManager.h">
      <Filter>소스 파일\Manager</Filter>
    </ClInclude>
    <ClInclude Include="cTimer.h">
      <Filter>소스 파일\Manager</Filter>
    </ClInclude>
    <ClInclude Include="cMainGame.h">
      <Filter>소스 파일</Filter>
    </ClInclude>
    <ClInclude Include="D3Dx.h">
      <Filter>소스 파일</Filter>
    </ClInclude>
    <ClInclude Include="cTextManager.h">
      <Filter>소스 파일\Manager</Filter>
    </ClInclude>
    <ClInclude Include="cIGObj.h">
      <Filter>소스 파일\IngameObj</Filter>
    </ClInclude>
    <ClInclude Include="cKnife.h">
      <Filter>소스 파일\IngameObj\ActionObj</Filter>
    </ClInclude>
    <ClInclude Include="cActionObj.h">
      <Filter>소스 파일\IngameObj</Filter>
    </ClInclude>
    <ClInclude Include="cFoodObj.h">
      <Filter>소스 파일\IngameObj</Filter>
    </ClInclude>
    <ClInclude Include="cTomato.h">
      <Filter>소스 파일\IngameObj\FoodObj</Filter>
    </ClInclude>
    <ClInclude Include="cObjLoader.h">
      <Filter>소스 파일\ObjLoader</Filter>
    </ClInclude>
    <ClInclude Include="cTestScene0.h">
      <Filter>소스 파일</Filter>
    </ClInclude>
    <ClInclude Include="cTestScene1.h">
      <Filter>소스 파일</Filter>
    </ClInclude>
    <ClInclude Include="cTestScene2.h">
      <Filter>소스 파일</Filter>
    </ClInclude>
    <ClInclude Include="cTestScene3.h">
      <Filter>소스 파일</Filter>
    </ClInclude>
    <ClInclude Include="cStage.h">
      <Filter>소스 파일\Stage</Filter>
    </ClInclude>
    <ClInclude Include="cRay.h">
      <Filter>소스 파일</Filter>
    </ClInclude>
    <ClInclude Include="cProgressbar.h">
      <Filter>소스 파일</Filter>
    </ClInclude>
    <ClInclude Include="cCharacterControl.h">
      <Filter>소스 파일\Chef</Filter>
    </ClInclude>
    <ClInclude Include="cCharacter.h">
      <Filter>소스 파일\Chef</Filter>
    </ClInclude>
    <ClInclude Include="cChefBody.h">
      <Filter>소스 파일\Chef\ChefPatrs</Filter>
    </ClInclude>
    <ClInclude Include="cChefHead.h">
      <Filter>소스 파일\Chef\ChefPatrs</Filter>
    </ClInclude>
    <ClInclude Include="cChefLeftHand.h">
      <Filter>소스 파일\Chef\ChefPatrs</Filter>
    </ClInclude>
    <ClInclude Include="cChefRightHand.h">
      <Filter>소스 파일\Chef\ChefPatrs</Filter>
    </ClInclude>
    <ClInclude Include="cChefRoot.h">
      <Filter>소스 파일\Chef</Filter>
    </ClInclude>
    <ClInclude Include="cStageGrid.h">
      <Filter>소스 파일\Stage</Filter>
    </ClInclude>
    <ClInclude Include="cStageMapTool.h">
      <Filter>소스 파일\Stage</Filter>
    </ClInclude>
    <ClInclude Include="cStageMapToolUI.h">
      <Filter>소스 파일\Stage</Filter>
    </ClInclude>
    <ClInclude Include="cPot.h">
      <Filter>소스 파일\IngameObj\ActionObj</Filter>
    </ClInclude>
    <ClInclude Include="cSink.h">
      <Filter>소스 파일\IngameObj\ActionObj</Filter>
    </ClInclude>
    <ClInclude Include="cObjManager.h">
      <Filter>소스 파일\Manager</Filter>
    </ClInclude>
    <ClInclude Include="cCrate.h">
      <Filter>소스 파일\IngameObj\ActionObj</Filter>
    </ClInclude>
    <ClInclude Include="cCrateLid.h">
      <Filter>소스 파일\IngameObj\ActionObj</Filter>
    </ClInclude>
  </ItemGroup>
  <ItemGroup>
    <ClCompile Include="stdafx.cpp">
      <Filter>소스 파일</Filter>
    </ClCompile>
    <ClCompile Include="D3Dx.cpp">
      <Filter>소스 파일</Filter>
    </ClCompile>
    <ClCompile Include="cMainGame.cpp">
      <Filter>소스 파일</Filter>
    </ClCompile>
    <ClCompile Include="cCamera.cpp">
      <Filter>소스 파일</Filter>
    </ClCompile>
    <ClCompile Include="cDeviceManager.cpp">
      <Filter>소스 파일\Manager</Filter>
    </ClCompile>
    <ClCompile Include="cFontManager.cpp">
      <Filter>소스 파일\Manager</Filter>
    </ClCompile>
    <ClCompile Include="cKeyManager.cpp">
      <Filter>소스 파일\Manager</Filter>
    </ClCompile>
    <ClCompile Include="cTextureManager.cpp">
      <Filter>소스 파일\Manager</Filter>
    </ClCompile>
    <ClCompile Include="cGameNode.cpp">
      <Filter>소스 파일</Filter>
    </ClCompile>
    <ClCompile Include="cSceneManager.cpp">
      <Filter>소스 파일\Manager</Filter>
    </ClCompile>
    <ClCompile Include="cTimeManager.cpp">
      <Filter>소스 파일\Manager</Filter>
    </ClCompile>
    <ClCompile Include="cTimer.cpp">
      <Filter>소스 파일\Manager</Filter>
    </ClCompile>
    <ClCompile Include="cTextManager.cpp">
      <Filter>소스 파일\Manager</Filter>
    </ClCompile>
    <ClCompile Include="cIGObj.cpp">
      <Filter>소스 파일\IngameObj</Filter>
    </ClCompile>
    <ClCompile Include="cKnife.cpp">
      <Filter>소스 파일\IngameObj\ActionObj</Filter>
    </ClCompile>
    <ClCompile Include="cActionObj.cpp">
      <Filter>소스 파일\IngameObj</Filter>
    </ClCompile>
    <ClCompile Include="cFoodObj.cpp">
      <Filter>소스 파일\IngameObj</Filter>
    </ClCompile>
    <ClCompile Include="cTomato.cpp">
      <Filter>소스 파일\IngameObj\FoodObj</Filter>
    </ClCompile>
    <ClCompile Include="cObjLoader.cpp">
      <Filter>소스 파일\ObjLoader</Filter>
    </ClCompile>
    <ClCompile Include="cTestScene1.cpp">
      <Filter>소스 파일</Filter>
    </ClCompile>
    <ClCompile Include="cTestScene2.cpp">
      <Filter>소스 파일</Filter>
    </ClCompile>
    <ClCompile Include="cTestScene3.cpp">
      <Filter>소스 파일</Filter>
    </ClCompile>
    <ClCompile Include="cTestScene0.cpp">
      <Filter>소스 파일</Filter>
    </ClCompile>
    <ClCompile Include="cProgressbar.cpp">
      <Filter>소스 파일</Filter>
    </ClCompile>
    <ClCompile Include="cStage.cpp">
      <Filter>소스 파일\Stage</Filter>
    </ClCompile>
    <ClCompile Include="cRay.cpp">
      <Filter>소스 파일</Filter>
    </ClCompile>
    <ClCompile Include="cCharacterControl.cpp">
      <Filter>소스 파일\Chef</Filter>
    </ClCompile>
    <ClCompile Include="ccCharacter.cpp">
      <Filter>소스 파일\Chef</Filter>
    </ClCompile>
    <ClCompile Include="cChefBody.cpp">
      <Filter>소스 파일\Chef\ChefPatrs</Filter>
    </ClCompile>
    <ClCompile Include="cChefHead.cpp">
      <Filter>소스 파일\Chef\ChefPatrs</Filter>
    </ClCompile>
    <ClCompile Include="cChefLeftHand.cpp">
      <Filter>소스 파일\Chef\ChefPatrs</Filter>
    </ClCompile>
    <ClCompile Include="cChefRightHand.cpp">
      <Filter>소스 파일\Chef\ChefPatrs</Filter>
    </ClCompile>
    <ClCompile Include="cChefRoot.cpp">
      <Filter>소스 파일\Chef</Filter>
    </ClCompile>
    <ClCompile Include="cStageGrid.cpp">
      <Filter>소스 파일\Stage</Filter>
    </ClCompile>
    <ClCompile Include="cStageMapTool.cpp">
      <Filter>소스 파일\Stage</Filter>
    </ClCompile>
    <ClCompile Include="cStageMapToolUI.cpp">
      <Filter>소스 파일\Stage</Filter>
    </ClCompile>
    <ClCompile Include="cPot.cpp">
      <Filter>소스 파일\IngameObj\ActionObj</Filter>
    </ClCompile>
    <ClCompile Include="cSink.cpp">
      <Filter>소스 파일\IngameObj\ActionObj</Filter>
    </ClCompile>
    <ClCompile Include="cObjManager.cpp">
      <Filter>소스 파일\Manager</Filter>
    </ClCompile>
    <ClCompile Include="cCrate.cpp">
      <Filter>소스 파일\IngameObj\ActionObj</Filter>
    </ClCompile>
    <ClCompile Include="cCrateLid.cpp">
      <Filter>소스 파일\IngameObj\ActionObj</Filter>
    </ClCompile>
  </ItemGroup>
  <ItemGroup>
    <ResourceCompile Include="D3Dx.rc">
      <Filter>리소스 파일</Filter>
    </ResourceCompile>
  </ItemGroup>
  <ItemGroup>
    <Image Include="small.ico">
      <Filter>리소스 파일</Filter>
    </Image>
    <Image Include="D3Dx.ico">
      <Filter>리소스 파일</Filter>
    </Image>
  </ItemGroup>
</Project>